
Microsoft Visual Studio Solution File, Format Version 12.00
# Visual Studio Version 16
VisualStudioVersion = 16.0.30804.86
MinimumVisualStudioVersion = 10.0.40219.1
Project("{888888A0-9F3D-457C-B088-3A5042F75D52}") = "3. Reading Level", "3. Reading Level\3. Reading Level.pyproj", "{B3BAC562-5F4E-489B-88F9-441F41FE1CBE}"
EndProject
Global
	GlobalSection(SolutionConfigurationPlatforms) = preSolution
		Debug|Any CPU = Debug|Any CPU
		Release|Any CPU = Release|Any CPU
	EndGlobalSection
	GlobalSection(ProjectConfigurationPlatforms) = postSolution
		{B3BAC562-5F4E-489B-88F9-441F41FE1CBE}.Debug|Any CPU.ActiveCfg = Debug|Any CPU
		{B3BAC562-5F4E-489B-88F9-441F41FE1CBE}.Release|Any CPU.ActiveCfg = Release|Any CPU
	EndGlobalSection
	GlobalSection(SolutionProperties) = preSolution
		HideSolutionNode = FALSE
	EndGlobalSection
	GlobalSection(ExtensibilityGlobals) = postSolution
		SolutionGuid = {E26E9403-E154-4DAC-ADCB-8BC7AFF1890B}
	EndGlobalSection
EndGlobal
