
Microsoft Visual Studio Solution File, Format Version 12.00
# Visual Studio Version 16
VisualStudioVersion = 16.0.30804.86
MinimumVisualStudioVersion = 10.0.40219.1
Project("{888888A0-9F3D-457C-B088-3A5042F75D52}") = "Question 3 Perfect", "Question 3 Perfect\Question 3 Perfect.pyproj", "{74D98192-083A-4983-B58D-419F9D608EB3}"
EndProject
Global
	GlobalSection(SolutionConfigurationPlatforms) = preSolution
		Debug|Any CPU = Debug|Any CPU
		Release|Any CPU = Release|Any CPU
	EndGlobalSection
	GlobalSection(ProjectConfigurationPlatforms) = postSolution
		{74D98192-083A-4983-B58D-419F9D608EB3}.Debug|Any CPU.ActiveCfg = Debug|Any CPU
		{74D98192-083A-4983-B58D-419F9D608EB3}.Release|Any CPU.ActiveCfg = Release|Any CPU
	EndGlobalSection
	GlobalSection(SolutionProperties) = preSolution
		HideSolutionNode = FALSE
	EndGlobalSection
	GlobalSection(ExtensibilityGlobals) = postSolution
		SolutionGuid = {12904D64-EDB0-4FA3-B063-33649B319EF2}
	EndGlobalSection
EndGlobal
